
Microsoft Visual Studio Solution File, Format Version 12.00
# Visual Studio Version 16
VisualStudioVersion = 16.0.30907.101
MinimumVisualStudioVersion = 10.0.40219.1
Project("{9A19103F-16F7-4668-BE54-9A1E7A4F7556}") = "TelegramBotInformer", "TelegramBotInformer\TelegramBotInformer.csproj", "{64BD8E90-74A7-4C48-8913-D51D954711CB}"
EndProject
Global
	GlobalSection(SolutionConfigurationPlatforms) = preSolution
		Debug|Any CPU = Debug|Any CPU
		Release|Any CPU = Release|Any CPU
	EndGlobalSection
	GlobalSection(ProjectConfigurationPlatforms) = postSolution
		{64BD8E90-74A7-4C48-8913-D51D954711CB}.Debug|Any CPU.ActiveCfg = Debug|Any CPU
		{64BD8E90-74A7-4C48-8913-D51D954711CB}.Debug|Any CPU.Build.0 = Debug|Any CPU
		{64BD8E90-74A7-4C48-8913-D51D954711CB}.Release|Any CPU.ActiveCfg = Release|Any CPU
		{64BD8E90-74A7-4C48-8913-D51D954711CB}.Release|Any CPU.Build.0 = Release|Any CPU
	EndGlobalSection
	GlobalSection(SolutionProperties) = preSolution
		HideSolutionNode = FALSE
	EndGlobalSection
	GlobalSection(ExtensibilityGlobals) = postSolution
		SolutionGuid = {EA6BF843-ACD5-4EDA-B5CF-0AA44834E69C}
	EndGlobalSection
EndGlobal
